
Microsoft Visual Studio Solution File, Format Version 12.00
# Visual Studio 2012
Project("{FAE04EC0-301F-11D3-BF4B-00C04F79EFBC}") = "HollowHolla", "HollowHolla\HollowHolla.csproj", "{224F3ACC-FF72-4B0A-8432-0FED64001480}"
EndProject
Project("{FAE04EC0-301F-11D3-BF4B-00C04F79EFBC}") = "HollowHolla.Tests", "HollowHolla.Tests\HollowHolla.Tests.csproj", "{6BC0206D-E3E1-4591-8111-DB1DFB776748}"
EndProject
Global
	GlobalSection(SolutionConfigurationPlatforms) = preSolution
		Debug|Any CPU = Debug|Any CPU
		Release|Any CPU = Release|Any CPU
	EndGlobalSection
	GlobalSection(ProjectConfigurationPlatforms) = postSolution
		{224F3ACC-FF72-4B0A-8432-0FED64001480}.Debug|Any CPU.ActiveCfg = Debug|Any CPU
		{224F3ACC-FF72-4B0A-8432-0FED64001480}.Debug|Any CPU.Build.0 = Debug|Any CPU
		{224F3ACC-FF72-4B0A-8432-0FED64001480}.Release|Any CPU.ActiveCfg = Release|Any CPU
		{224F3ACC-FF72-4B0A-8432-0FED64001480}.Release|Any CPU.Build.0 = Release|Any CPU
		{6BC0206D-E3E1-4591-8111-DB1DFB776748}.Debug|Any CPU.ActiveCfg = Debug|Any CPU
		{6BC0206D-E3E1-4591-8111-DB1DFB776748}.Debug|Any CPU.Build.0 = Debug|Any CPU
		{6BC0206D-E3E1-4591-8111-DB1DFB776748}.Release|Any CPU.ActiveCfg = Release|Any CPU
		{6BC0206D-E3E1-4591-8111-DB1DFB776748}.Release|Any CPU.Build.0 = Release|Any CPU
	EndGlobalSection
	GlobalSection(MonoDevelopProperties) = preSolution
		StartupItem = HollowHolla\HollowHolla.csproj
	EndGlobalSection
EndGlobal
